
Microsoft Visual Studio Solution File, Format Version 12.00
# Visual Studio Version 16
VisualStudioVersion = 16.0.30114.105
MinimumVisualStudioVersion = 10.0.40219.1
Project("{FAE04EC0-301F-11D3-BF4B-00C04F79EFBC}") = "Wemogy.Core", "Wemogy.Core\Wemogy.Core.csproj", "{185E3CDA-AC5C-4F5E-8A06-6E179AA46690}"
EndProject
Project("{FAE04EC0-301F-11D3-BF4B-00C04F79EFBC}") = "Wemogy.Core.Tests", "Wemogy.Core.Tests\Wemogy.Core.Tests.csproj", "{5D596099-A332-41A8-BB3E-751AD35D7F78}"
EndProject
Global
  GlobalSection(SolutionConfigurationPlatforms) = preSolution
    Debug|Any CPU = Debug|Any CPU
    Debug|x64 = Debug|x64
    Debug|x86 = Debug|x86
    Release|Any CPU = Release|Any CPU
    Release|x64 = Release|x64
    Release|x86 = Release|x86
  EndGlobalSection
  GlobalSection(SolutionProperties) = preSolution
    HideSolutionNode = FALSE
  EndGlobalSection
  GlobalSection(ProjectConfigurationPlatforms) = postSolution
    {185E3CDA-AC5C-4F5E-8A06-6E179AA46690}.Debug|Any CPU.ActiveCfg = Debug|Any CPU
    {185E3CDA-AC5C-4F5E-8A06-6E179AA46690}.Debug|Any CPU.Build.0 = Debug|Any CPU
    {185E3CDA-AC5C-4F5E-8A06-6E179AA46690}.Debug|x64.ActiveCfg = Debug|Any CPU
    {185E3CDA-AC5C-4F5E-8A06-6E179AA46690}.Debug|x64.Build.0 = Debug|Any CPU
    {185E3CDA-AC5C-4F5E-8A06-6E179AA46690}.Debug|x86.ActiveCfg = Debug|Any CPU
    {185E3CDA-AC5C-4F5E-8A06-6E179AA46690}.Debug|x86.Build.0 = Debug|Any CPU
    {185E3CDA-AC5C-4F5E-8A06-6E179AA46690}.Release|Any CPU.ActiveCfg = Release|Any CPU
    {185E3CDA-AC5C-4F5E-8A06-6E179AA46690}.Release|Any CPU.Build.0 = Release|Any CPU
    {185E3CDA-AC5C-4F5E-8A06-6E179AA46690}.Release|x64.ActiveCfg = Release|Any CPU
    {185E3CDA-AC5C-4F5E-8A06-6E179AA46690}.Release|x64.Build.0 = Release|Any CPU
    {185E3CDA-AC5C-4F5E-8A06-6E179AA46690}.Release|x86.ActiveCfg = Release|Any CPU
    {185E3CDA-AC5C-4F5E-8A06-6E179AA46690}.Release|x86.Build.0 = Release|Any CPU
    {5D596099-A332-41A8-BB3E-751AD35D7F78}.Debug|Any CPU.ActiveCfg = Debug|Any CPU
    {5D596099-A332-41A8-BB3E-751AD35D7F78}.Debug|Any CPU.Build.0 = Debug|Any CPU
    {5D596099-A332-41A8-BB3E-751AD35D7F78}.Debug|x64.ActiveCfg = Debug|Any CPU
    {5D596099-A332-41A8-BB3E-751AD35D7F78}.Debug|x64.Build.0 = Debug|Any CPU
    {5D596099-A332-41A8-BB3E-751AD35D7F78}.Debug|x86.ActiveCfg = Debug|Any CPU
    {5D596099-A332-41A8-BB3E-751AD35D7F78}.Debug|x86.Build.0 = Debug|Any CPU
    {5D596099-A332-41A8-BB3E-751AD35D7F78}.Release|Any CPU.ActiveCfg = Release|Any CPU
    {5D596099-A332-41A8-BB3E-751AD35D7F78}.Release|Any CPU.Build.0 = Release|Any CPU
    {5D596099-A332-41A8-BB3E-751AD35D7F78}.Release|x64.ActiveCfg = Release|Any CPU
    {5D596099-A332-41A8-BB3E-751AD35D7F78}.Release|x64.Build.0 = Release|Any CPU
    {5D596099-A332-41A8-BB3E-751AD35D7F78}.Release|x86.ActiveCfg = Release|Any CPU
    {5D596099-A332-41A8-BB3E-751AD35D7F78}.Release|x86.Build.0 = Release|Any CPU
  EndGlobalSection
EndGlobal
